{
	"name": "@morsels/search-ui",
	"version": "0.8.1",
	"lockfileVersion": 2,
	"requires": true,
	"packages": {
		"": {
			"name": "@morsels/search-ui",
			"version": "0.8.1",
			"license": "MIT",
			"dependencies": {
				"@floating-ui/dom": "^1.0"
			}
		},
		"../morsels_search/pkg/lang_ascii": {
			"name": "@morsels/lang-ascii",
			"version": "0.0.0",
			"extraneous": true
		},
		"../morsels_search/pkg/lang_chinese": {
			"name": "@morsels/lang-chinese",
			"version": "0.0.0",
			"extraneous": true
		},
		"../morsels_search/pkg/lang_latin": {
			"name": "@morsels/lang-latin",
			"version": "0.0.0",
			"extraneous": true
		},
		"../search": {
			"name": "@morsels/search-lib",
			"version": "0.0.0",
			"extraneous": true,
			"license": "MIT",
			"devDependencies": {
				"@morsels/lang-ascii": "^0.0.0",
				"@morsels/lang-chinese": "^0.0.0",
				"@morsels/lang-latin": "^0.0.0"
			}
		},
		"node_modules/@floating-ui/core": {
			"version": "1.0.1",
			"resolved": "https://registry.npmjs.org/@floating-ui/core/-/core-1.0.1.tgz",
			"integrity": "sha512-bO37brCPfteXQfFY0DyNDGB3+IMe4j150KFQcgJ5aBP295p9nBGeHEs/p0czrRbtlHq4Px/yoPXO/+dOCcF4uA=="
		},
		"node_modules/@floating-ui/dom": {
			"version": "1.0.2",
			"resolved": "https://registry.npmjs.org/@floating-ui/dom/-/dom-1.0.2.tgz",
			"integrity": "sha512-5X9WSvZ8/fjy3gDu8yx9HAA4KG1lazUN2P4/VnaXLxTO9Dz53HI1oYoh1OlhqFNlHgGDiwFX5WhFCc2ljbW3yA==",
			"dependencies": {
				"@floating-ui/core": "^1.0.1"
			}
		},
		"node_modules/escape-string-regexp": {
			"version": "5.0.0",
			"resolved": "https://registry.npmjs.org/escape-string-regexp/-/escape-string-regexp-5.0.0.tgz",
			"integrity": "sha512-/veY75JbMK4j1yjvuUxuVsiS/hr/4iHs9FTT6cgTexxdE0Ly/glccBAkloH/DofkjRbZU3bnoj38mOmhkZ0lHw==",
			"engines": {
				"node": ">=12"
			},
			"funding": {
				"url": "https://github.com/sponsors/sindresorhus"
			}
		}
	},
	"dependencies": {
		"@floating-ui/core": {
			"version": "1.0.1",
			"resolved": "https://registry.npmjs.org/@floating-ui/core/-/core-1.0.1.tgz",
			"integrity": "sha512-bO37brCPfteXQfFY0DyNDGB3+IMe4j150KFQcgJ5aBP295p9nBGeHEs/p0czrRbtlHq4Px/yoPXO/+dOCcF4uA=="
		},
		"@floating-ui/dom": {
			"version": "1.0.2",
			"resolved": "https://registry.npmjs.org/@floating-ui/dom/-/dom-1.0.2.tgz",
			"integrity": "sha512-5X9WSvZ8/fjy3gDu8yx9HAA4KG1lazUN2P4/VnaXLxTO9Dz53HI1oYoh1OlhqFNlHgGDiwFX5WhFCc2ljbW3yA==",
			"requires": {
				"@floating-ui/core": "^1.0.1"
			}
		},
		"escape-string-regexp": {
			"version": "5.0.0",
			"resolved": "https://registry.npmjs.org/escape-string-regexp/-/escape-string-regexp-5.0.0.tgz",
			"integrity": "sha512-/veY75JbMK4j1yjvuUxuVsiS/hr/4iHs9FTT6cgTexxdE0Ly/glccBAkloH/DofkjRbZU3bnoj38mOmhkZ0lHw=="
		}
	}
}
