{
  "name": "@infisearch/search-ui",
  "version": "0.9.1",
  "lockfileVersion": 2,
  "requires": true,
  "packages": {
    "": {
      "name": "@infisearch/search-ui",
      "version": "0.9.1",
      "license": "MIT",
      "dependencies": {
        "@floating-ui/dom": "^1.0.10"
      }
    },
    "../morsels_search/pkg/lang_ascii": {
      "name": "@morsels/lang-ascii",
      "version": "0.0.0",
      "extraneous": true
    },
    "../morsels_search/pkg/lang_chinese": {
      "name": "@morsels/lang-chinese",
      "version": "0.0.0",
      "extraneous": true
    },
    "../morsels_search/pkg/lang_latin": {
      "name": "@morsels/lang-latin",
      "version": "0.0.0",
      "extraneous": true
    },
    "../search": {
      "name": "@morsels/search-lib",
      "version": "0.0.0",
      "extraneous": true,
      "license": "MIT",
      "devDependencies": {
        "@morsels/lang-ascii": "^0.0.0",
        "@morsels/lang-chinese": "^0.0.0",
        "@morsels/lang-latin": "^0.0.0"
      }
    },
    "node_modules/@floating-ui/core": {
      "version": "1.0.4",
      "resolved": "https://registry.npmjs.org/@floating-ui/core/-/core-1.0.4.tgz",
      "integrity": "sha512-FPFLbg2b06MIw1dqk2SOEMAMX3xlrreGjcui5OTxfBDtaKTmh0kioOVjT8gcfl58juawL/yF+S+gnq8aUYQx/Q=="
    },
    "node_modules/@floating-ui/dom": {
      "version": "1.0.10",
      "resolved": "https://registry.npmjs.org/@floating-ui/dom/-/dom-1.0.10.tgz",
      "integrity": "sha512-ZRe5ZmtGYCd82zrjWnnMW8hN5H1otedLh0Ur6rRo6f0exbEe6IlkVvo1RO7tgiMvbF0Df8hkhdm50VcVYqwP6g==",
      "dependencies": {
        "@floating-ui/core": "^1.0.4"
      }
    }
  },
  "dependencies": {
    "@floating-ui/core": {
      "version": "1.0.4",
      "resolved": "https://registry.npmjs.org/@floating-ui/core/-/core-1.0.4.tgz",
      "integrity": "sha512-FPFLbg2b06MIw1dqk2SOEMAMX3xlrreGjcui5OTxfBDtaKTmh0kioOVjT8gcfl58juawL/yF+S+gnq8aUYQx/Q=="
    },
    "@floating-ui/dom": {
      "version": "1.0.10",
      "resolved": "https://registry.npmjs.org/@floating-ui/dom/-/dom-1.0.10.tgz",
      "integrity": "sha512-ZRe5ZmtGYCd82zrjWnnMW8hN5H1otedLh0Ur6rRo6f0exbEe6IlkVvo1RO7tgiMvbF0Df8hkhdm50VcVYqwP6g==",
      "requires": {
        "@floating-ui/core": "^1.0.4"
      }
    }
  }
}
