{
	"name": "@morsels/search-ui",
	"version": "0.4.0",
	"lockfileVersion": 2,
	"requires": true,
	"packages": {
		"": {
			"name": "@morsels/search-ui",
			"version": "0.0.11",
			"license": "MIT",
			"dependencies": {
				"@floating-ui/dom": "^0.5.0",
				"escape-string-regexp": "^5.0.0"
			}
		},
		"../morsels_search/pkg/lang_ascii": {
			"name": "@morsels/lang-ascii",
			"version": "0.0.0",
			"extraneous": true
		},
		"../morsels_search/pkg/lang_chinese": {
			"name": "@morsels/lang-chinese",
			"version": "0.0.0",
			"extraneous": true
		},
		"../morsels_search/pkg/lang_latin": {
			"name": "@morsels/lang-latin",
			"version": "0.0.0",
			"extraneous": true
		},
		"../search": {
			"name": "@morsels/search-lib",
			"version": "0.0.0",
			"extraneous": true,
			"license": "MIT",
			"devDependencies": {
				"@morsels/lang-ascii": "^0.0.0",
				"@morsels/lang-chinese": "^0.0.0",
				"@morsels/lang-latin": "^0.0.0"
			}
		},
		"node_modules/@floating-ui/core": {
			"version": "0.7.0",
			"resolved": "https://registry.npmjs.org/@floating-ui/core/-/core-0.7.0.tgz",
			"integrity": "sha512-W7+i5Suhhvv97WDTW//KqUA43f/2a4abprM1rWqtLM9lIlJ29tbFI8h232SvqunXon0WmKNEKVjbOsgBhTnbLw=="
		},
		"node_modules/@floating-ui/dom": {
			"version": "0.5.0",
			"resolved": "https://registry.npmjs.org/@floating-ui/dom/-/dom-0.5.0.tgz",
			"integrity": "sha512-PS75dnMg4GdWjDFOiOs15cDzYJpukRNHqQn0ugrBlsrpk2n+y8bwZ24XrsdLSL7kxshmxxr2nTNycLnmRIvV7g==",
			"dependencies": {
				"@floating-ui/core": "^0.7.0"
			}
		},
		"node_modules/escape-string-regexp": {
			"version": "5.0.0",
			"resolved": "https://registry.npmjs.org/escape-string-regexp/-/escape-string-regexp-5.0.0.tgz",
			"integrity": "sha512-/veY75JbMK4j1yjvuUxuVsiS/hr/4iHs9FTT6cgTexxdE0Ly/glccBAkloH/DofkjRbZU3bnoj38mOmhkZ0lHw==",
			"engines": {
				"node": ">=12"
			},
			"funding": {
				"url": "https://github.com/sponsors/sindresorhus"
			}
		}
	},
	"dependencies": {
		"@floating-ui/core": {
			"version": "0.7.0",
			"resolved": "https://registry.npmjs.org/@floating-ui/core/-/core-0.7.0.tgz",
			"integrity": "sha512-W7+i5Suhhvv97WDTW//KqUA43f/2a4abprM1rWqtLM9lIlJ29tbFI8h232SvqunXon0WmKNEKVjbOsgBhTnbLw=="
		},
		"@floating-ui/dom": {
			"version": "0.5.0",
			"resolved": "https://registry.npmjs.org/@floating-ui/dom/-/dom-0.5.0.tgz",
			"integrity": "sha512-PS75dnMg4GdWjDFOiOs15cDzYJpukRNHqQn0ugrBlsrpk2n+y8bwZ24XrsdLSL7kxshmxxr2nTNycLnmRIvV7g==",
			"requires": {
				"@floating-ui/core": "^0.7.0"
			}
		},
		"escape-string-regexp": {
			"version": "5.0.0",
			"resolved": "https://registry.npmjs.org/escape-string-regexp/-/escape-string-regexp-5.0.0.tgz",
			"integrity": "sha512-/veY75JbMK4j1yjvuUxuVsiS/hr/4iHs9FTT6cgTexxdE0Ly/glccBAkloH/DofkjRbZU3bnoj38mOmhkZ0lHw=="
		}
	}
}
