{
  "name": "@morsels/search-lib",
  "version": "0.8.2",
  "lockfileVersion": 2,
  "requires": true,
  "packages": {
    "": {
      "name": "@morsels/search-lib",
      "version": "0.8.2",
      "license": "MIT",
      "dependencies": {
        "escape-string-regexp": "^5.0.0"
      }
    },
    "../morsels_search/pkg/lang_ascii": {
      "name": "@morsels/lang-ascii",
      "version": "0.6.2",
      "extraneous": true
    },
    "../morsels_search/pkg/lang_chinese": {
      "name": "@morsels/lang-chinese",
      "version": "0.0.2",
      "extraneous": true
    },
    "../morsels_search/pkg/lang_latin": {
      "name": "@morsels/lang-latin",
      "version": "0.0.2",
      "extraneous": true
    },
    "node_modules/escape-string-regexp": {
      "version": "5.0.0",
      "resolved": "https://registry.npmjs.org/escape-string-regexp/-/escape-string-regexp-5.0.0.tgz",
      "integrity": "sha512-/veY75JbMK4j1yjvuUxuVsiS/hr/4iHs9FTT6cgTexxdE0Ly/glccBAkloH/DofkjRbZU3bnoj38mOmhkZ0lHw==",
      "engines": {
        "node": ">=12"
      },
      "funding": {
        "url": "https://github.com/sponsors/sindresorhus"
      }
    }
  },
  "dependencies": {
    "escape-string-regexp": {
      "version": "5.0.0",
      "resolved": "https://registry.npmjs.org/escape-string-regexp/-/escape-string-regexp-5.0.0.tgz",
      "integrity": "sha512-/veY75JbMK4j1yjvuUxuVsiS/hr/4iHs9FTT6cgTexxdE0Ly/glccBAkloH/DofkjRbZU3bnoj38mOmhkZ0lHw=="
    }
  }
}
